
Microsoft Visual Studio Solution File, Format Version 12.00
# Visual Studio Version 16
VisualStudioVersion = 16.0.31105.61
MinimumVisualStudioVersion = 10.0.40219.1
Project("{FAE04EC0-301F-11D3-BF4B-00C04F79EFBC}") = "Ejercicio2AnalisisGuia13", "Ejercicio2AnalisisGuia13\Ejercicio2AnalisisGuia13.csproj", "{2A9A4DFD-287C-4B97-BFDA-2A3758057F97}"
EndProject
Global
	GlobalSection(SolutionConfigurationPlatforms) = preSolution
		Debug|Any CPU = Debug|Any CPU
		Release|Any CPU = Release|Any CPU
	EndGlobalSection
	GlobalSection(ProjectConfigurationPlatforms) = postSolution
		{2A9A4DFD-287C-4B97-BFDA-2A3758057F97}.Debug|Any CPU.ActiveCfg = Debug|Any CPU
		{2A9A4DFD-287C-4B97-BFDA-2A3758057F97}.Debug|Any CPU.Build.0 = Debug|Any CPU
		{2A9A4DFD-287C-4B97-BFDA-2A3758057F97}.Release|Any CPU.ActiveCfg = Release|Any CPU
		{2A9A4DFD-287C-4B97-BFDA-2A3758057F97}.Release|Any CPU.Build.0 = Release|Any CPU
	EndGlobalSection
	GlobalSection(SolutionProperties) = preSolution
		HideSolutionNode = FALSE
	EndGlobalSection
	GlobalSection(ExtensibilityGlobals) = postSolution
		SolutionGuid = {D0025C75-BD5E-4344-8BD8-7E837C454AAF}
	EndGlobalSection
EndGlobal
